
Microsoft Visual Studio Solution File, Format Version 12.00
# Visual Studio Version 16
VisualStudioVersion = 25.0.1706.10
MinimumVisualStudioVersion = 10.0.40219.1
Project("{FAE04EC0-301F-11D3-BF4B-00C04F79EFBC}") = "MvcMovie", "MvcMovie\MvcMovie.csproj", "{86B7C001-557B-4828-B5BC-8908E66BC545}"
EndProject
Global
	GlobalSection(SolutionConfigurationPlatforms) = preSolution
		Debug|Any CPU = Debug|Any CPU
		Release|Any CPU = Release|Any CPU
	EndGlobalSection
	GlobalSection(ProjectConfigurationPlatforms) = postSolution
		{86B7C001-557B-4828-B5BC-8908E66BC545}.Debug|Any CPU.ActiveCfg = Debug|Any CPU
		{86B7C001-557B-4828-B5BC-8908E66BC545}.Debug|Any CPU.Build.0 = Debug|Any CPU
		{86B7C001-557B-4828-B5BC-8908E66BC545}.Release|Any CPU.ActiveCfg = Release|Any CPU
		{86B7C001-557B-4828-B5BC-8908E66BC545}.Release|Any CPU.Build.0 = Release|Any CPU
	EndGlobalSection
	GlobalSection(SolutionProperties) = preSolution
		HideSolutionNode = FALSE
	EndGlobalSection
	GlobalSection(ExtensibilityGlobals) = postSolution
		SolutionGuid = {12C93C32-A8FF-432A-8B91-E111F348C5D5}
	EndGlobalSection
EndGlobal
